// !$*UTF8*$!
{
	archiveVersion = 1;
	classes = {
	};
	objectVersion = 51;
	objects = {

/* Begin PBXBuildFile section */
		73A4056ED8C9B8855F96DE60 /* Pods_Swift_Practice.framework in Frameworks */ = {isa = PBXBuildFile; fileRef = 1A55E12EDA14E4CCCE8BC166 /* Pods_Swift_Practice.framework */; };
		A07278D023436D8E00BFCC50 /* Swift_PracticeTests.swift in Sources */ = {isa = PBXBuildFile; fileRef = A07278CF23436D8E00BFCC50 /* Swift_PracticeTests.swift */; };
		A07278DB23436D8E00BFCC50 /* Swift_PracticeUITests.swift in Sources */ = {isa = PBXBuildFile; fileRef = A07278DA23436D8E00BFCC50 /* Swift_PracticeUITests.swift */; };
		A07278F32344E66C00BFCC50 /* Swift_Practice.xcdatamodeld in Sources */ = {isa = PBXBuildFile; fileRef = A07278EF2344E66C00BFCC50 /* Swift_Practice.xcdatamodeld */; };
		A07278F42344E66C00BFCC50 /* Assets.xcassets in Resources */ = {isa = PBXBuildFile; fileRef = A07278F12344E66C00BFCC50 /* Assets.xcassets */; };
		A07278F52344E66C00BFCC50 /* Info.plist in Resources */ = {isa = PBXBuildFile; fileRef = A07278F22344E66C00BFCC50 /* Info.plist */; };
		A07278F82344E83000BFCC50 /* LaunchScreen.storyboard in Resources */ = {isa = PBXBuildFile; fileRef = A07278F62344E83000BFCC50 /* LaunchScreen.storyboard */; };
		A07278FB2344E83600BFCC50 /* Main.storyboard in Resources */ = {isa = PBXBuildFile; fileRef = A07278F92344E83600BFCC50 /* Main.storyboard */; };
		A07278FE2344E84C00BFCC50 /* ViewController.swift in Sources */ = {isa = PBXBuildFile; fileRef = A07278FD2344E84C00BFCC50 /* ViewController.swift */; };
		A07279032344E86400BFCC50 /* AppDelegate.swift in Sources */ = {isa = PBXBuildFile; fileRef = A07279022344E86400BFCC50 /* AppDelegate.swift */; };
		A07279062344ED4C00BFCC50 /* RealmExtension.swift in Sources */ = {isa = PBXBuildFile; fileRef = A07279052344ED4C00BFCC50 /* RealmExtension.swift */; };
		A0F6A20A2344F19500EB03D9 /* DummyTable.swift in Sources */ = {isa = PBXBuildFile; fileRef = A0F6A2092344F19500EB03D9 /* DummyTable.swift */; };
		A0F6A273234B83F700EB03D9 /* SceneDelegate.swift in Sources */ = {isa = PBXBuildFile; fileRef = A0F6A272234B83F700EB03D9 /* SceneDelegate.swift */; };
		A0F6A276234B86F400EB03D9 /* MonthView.swift in Sources */ = {isa = PBXBuildFile; fileRef = A0F6A274234B86F400EB03D9 /* MonthView.swift */; };
		A0F6A277234B86F400EB03D9 /* MonthView.xib in Resources */ = {isa = PBXBuildFile; fileRef = A0F6A275234B86F400EB03D9 /* MonthView.xib */; };
		A0F6A279234B8D4200EB03D9 /* MonthCellView.swift in Sources */ = {isa = PBXBuildFile; fileRef = A0F6A278234B8D4200EB03D9 /* MonthCellView.swift */; };
		A0F6A27B234B8E8B00EB03D9 /* CalendarViewController.swift in Sources */ = {isa = PBXBuildFile; fileRef = A0F6A27A234B8E8B00EB03D9 /* CalendarViewController.swift */; };
/* End PBXBuildFile section */

/* Begin PBXContainerItemProxy section */
		A07278CC23436D8E00BFCC50 /* PBXContainerItemProxy */ = {
			isa = PBXContainerItemProxy;
			containerPortal = A07278AA23436D8D00BFCC50 /* Project object */;
			proxyType = 1;
			remoteGlobalIDString = A07278B123436D8D00BFCC50;
			remoteInfo = "Swift-Practice";
		};
		A07278D723436D8E00BFCC50 /* PBXContainerItemProxy */ = {
			isa = PBXContainerItemProxy;
			containerPortal = A07278AA23436D8D00BFCC50 /* Project object */;
			proxyType = 1;
			remoteGlobalIDString = A07278B123436D8D00BFCC50;
			remoteInfo = "Swift-Practice";
		};
/* End PBXContainerItemProxy section */

/* Begin PBXFileReference section */
		1A55E12EDA14E4CCCE8BC166 /* Pods_Swift_Practice.framework */ = {isa = PBXFileReference; explicitFileType = wrapper.framework; includeInIndex = 0; path = Pods_Swift_Practice.framework; sourceTree = BUILT_PRODUCTS_DIR; };
		97DF0F9E0AF37E5019067B27 /* Pods-Swift-Practice.release.xcconfig */ = {isa = PBXFileReference; includeInIndex = 1; lastKnownFileType = text.xcconfig; name = "Pods-Swift-Practice.release.xcconfig"; path = "Target Support Files/Pods-Swift-Practice/Pods-Swift-Practice.release.xcconfig"; sourceTree = "<group>"; };
		A07278B223436D8D00BFCC50 /* Swift-Practice.app */ = {isa = PBXFileReference; explicitFileType = wrapper.application; includeInIndex = 0; path = "Swift-Practice.app"; sourceTree = BUILT_PRODUCTS_DIR; };
		A07278CB23436D8E00BFCC50 /* Swift-PracticeTests.xctest */ = {isa = PBXFileReference; explicitFileType = wrapper.cfbundle; includeInIndex = 0; path = "Swift-PracticeTests.xctest"; sourceTree = BUILT_PRODUCTS_DIR; };
		A07278CF23436D8E00BFCC50 /* Swift_PracticeTests.swift */ = {isa = PBXFileReference; lastKnownFileType = sourcecode.swift; path = Swift_PracticeTests.swift; sourceTree = "<group>"; };
		A07278D123436D8E00BFCC50 /* Info.plist */ = {isa = PBXFileReference; lastKnownFileType = text.plist.xml; path = Info.plist; sourceTree = "<group>"; };
		A07278D623436D8E00BFCC50 /* Swift-PracticeUITests.xctest */ = {isa = PBXFileReference; explicitFileType = wrapper.cfbundle; includeInIndex = 0; path = "Swift-PracticeUITests.xctest"; sourceTree = BUILT_PRODUCTS_DIR; };
		A07278DA23436D8E00BFCC50 /* Swift_PracticeUITests.swift */ = {isa = PBXFileReference; lastKnownFileType = sourcecode.swift; path = Swift_PracticeUITests.swift; sourceTree = "<group>"; };
		A07278DC23436D8E00BFCC50 /* Info.plist */ = {isa = PBXFileReference; lastKnownFileType = text.plist.xml; path = Info.plist; sourceTree = "<group>"; };
		A07278F02344E66C00BFCC50 /* Swift_Practice.xcdatamodel */ = {isa = PBXFileReference; lastKnownFileType = wrapper.xcdatamodel; path = Swift_Practice.xcdatamodel; sourceTree = "<group>"; };
		A07278F12344E66C00BFCC50 /* Assets.xcassets */ = {isa = PBXFileReference; lastKnownFileType = folder.assetcatalog; path = Assets.xcassets; sourceTree = "<group>"; };
		A07278F22344E66C00BFCC50 /* Info.plist */ = {isa = PBXFileReference; fileEncoding = 4; lastKnownFileType = text.plist.xml; path = Info.plist; sourceTree = "<group>"; };
		A07278F72344E83000BFCC50 /* Base */ = {isa = PBXFileReference; lastKnownFileType = file.storyboard; name = Base; path = Base.lproj/LaunchScreen.storyboard; sourceTree = "<group>"; };
		A07278FA2344E83600BFCC50 /* Base */ = {isa = PBXFileReference; lastKnownFileType = file.storyboard; name = Base; path = Base.lproj/Main.storyboard; sourceTree = "<group>"; };
		A07278FD2344E84C00BFCC50 /* ViewController.swift */ = {isa = PBXFileReference; fileEncoding = 4; lastKnownFileType = sourcecode.swift; path = ViewController.swift; sourceTree = "<group>"; };
		A07279022344E86400BFCC50 /* AppDelegate.swift */ = {isa = PBXFileReference; fileEncoding = 4; lastKnownFileType = sourcecode.swift; path = AppDelegate.swift; sourceTree = "<group>"; };
		A07279052344ED4C00BFCC50 /* RealmExtension.swift */ = {isa = PBXFileReference; lastKnownFileType = sourcecode.swift; path = RealmExtension.swift; sourceTree = "<group>"; };
		A0F6A2092344F19500EB03D9 /* DummyTable.swift */ = {isa = PBXFileReference; lastKnownFileType = sourcecode.swift; path = DummyTable.swift; sourceTree = "<group>"; };
		A0F6A272234B83F700EB03D9 /* SceneDelegate.swift */ = {isa = PBXFileReference; fileEncoding = 4; lastKnownFileType = sourcecode.swift; path = SceneDelegate.swift; sourceTree = "<group>"; };
		A0F6A274234B86F400EB03D9 /* MonthView.swift */ = {isa = PBXFileReference; lastKnownFileType = sourcecode.swift; path = MonthView.swift; sourceTree = "<group>"; };
		A0F6A275234B86F400EB03D9 /* MonthView.xib */ = {isa = PBXFileReference; lastKnownFileType = file.xib; path = MonthView.xib; sourceTree = "<group>"; };
		A0F6A278234B8D4200EB03D9 /* MonthCellView.swift */ = {isa = PBXFileReference; lastKnownFileType = sourcecode.swift; path = MonthCellView.swift; sourceTree = "<group>"; };
		A0F6A27A234B8E8B00EB03D9 /* CalendarViewController.swift */ = {isa = PBXFileReference; lastKnownFileType = sourcecode.swift; path = CalendarViewController.swift; sourceTree = "<group>"; };
		B6F26F9D649906FC24CC5F19 /* Pods-Swift-Practice.debug.xcconfig */ = {isa = PBXFileReference; includeInIndex = 1; lastKnownFileType = text.xcconfig; name = "Pods-Swift-Practice.debug.xcconfig"; path = "Target Support Files/Pods-Swift-Practice/Pods-Swift-Practice.debug.xcconfig"; sourceTree = "<group>"; };
/* End PBXFileReference section */

/* Begin PBXFrameworksBuildPhase section */
		A07278AF23436D8D00BFCC50 /* Frameworks */ = {
			isa = PBXFrameworksBuildPhase;
			buildActionMask = 2147483647;
			files = (
				73A4056ED8C9B8855F96DE60 /* Pods_Swift_Practice.framework in Frameworks */,
			);
			runOnlyForDeploymentPostprocessing = 0;
		};
		A07278C823436D8E00BFCC50 /* Frameworks */ = {
			isa = PBXFrameworksBuildPhase;
			buildActionMask = 2147483647;
			files = (
			);
			runOnlyForDeploymentPostprocessing = 0;
		};
		A07278D323436D8E00BFCC50 /* Frameworks */ = {
			isa = PBXFrameworksBuildPhase;
			buildActionMask = 2147483647;
			files = (
			);
			runOnlyForDeploymentPostprocessing = 0;
		};
/* End PBXFrameworksBuildPhase section */

/* Begin PBXGroup section */
		35BD4F66C6652D78DE676585 /* Frameworks */ = {
			isa = PBXGroup;
			children = (
				1A55E12EDA14E4CCCE8BC166 /* Pods_Swift_Practice.framework */,
			);
			name = Frameworks;
			sourceTree = "<group>";
		};
		A07278A923436D8D00BFCC50 = {
			isa = PBXGroup;
			children = (
				A07278B423436D8D00BFCC50 /* Swift-Practice */,
				A07278CE23436D8E00BFCC50 /* Swift-PracticeTests */,
				A07278D923436D8E00BFCC50 /* Swift-PracticeUITests */,
				A07278B323436D8D00BFCC50 /* Products */,
				B6E978EF985473A5A7A39E62 /* Pods */,
				35BD4F66C6652D78DE676585 /* Frameworks */,
			);
			sourceTree = "<group>";
		};
		A07278B323436D8D00BFCC50 /* Products */ = {
			isa = PBXGroup;
			children = (
				A07278B223436D8D00BFCC50 /* Swift-Practice.app */,
				A07278CB23436D8E00BFCC50 /* Swift-PracticeTests.xctest */,
				A07278D623436D8E00BFCC50 /* Swift-PracticeUITests.xctest */,
			);
			name = Products;
			sourceTree = "<group>";
		};
		A07278B423436D8D00BFCC50 /* Swift-Practice */ = {
			isa = PBXGroup;
			children = (
				A0F6A272234B83F700EB03D9 /* SceneDelegate.swift */,
				A0F6A271234B6A0800EB03D9 /* calendar */,
				A07279042344ED2F00BFCC50 /* data */,
				A07279022344E86400BFCC50 /* AppDelegate.swift */,
				A07278FD2344E84C00BFCC50 /* ViewController.swift */,
				A07278F92344E83600BFCC50 /* Main.storyboard */,
				A07278F62344E83000BFCC50 /* LaunchScreen.storyboard */,
				A07278F12344E66C00BFCC50 /* Assets.xcassets */,
				A07278F22344E66C00BFCC50 /* Info.plist */,
				A07278EF2344E66C00BFCC50 /* Swift_Practice.xcdatamodeld */,
			);
			path = "Swift-Practice";
			sourceTree = "<group>";
		};
		A07278CE23436D8E00BFCC50 /* Swift-PracticeTests */ = {
			isa = PBXGroup;
			children = (
				A07278CF23436D8E00BFCC50 /* Swift_PracticeTests.swift */,
				A07278D123436D8E00BFCC50 /* Info.plist */,
			);
			path = "Swift-PracticeTests";
			sourceTree = "<group>";
		};
		A07278D923436D8E00BFCC50 /* Swift-PracticeUITests */ = {
			isa = PBXGroup;
			children = (
				A07278DA23436D8E00BFCC50 /* Swift_PracticeUITests.swift */,
				A07278DC23436D8E00BFCC50 /* Info.plist */,
			);
			path = "Swift-PracticeUITests";
			sourceTree = "<group>";
		};
		A07279042344ED2F00BFCC50 /* data */ = {
			isa = PBXGroup;
			children = (
				A07279052344ED4C00BFCC50 /* RealmExtension.swift */,
				A0F6A2092344F19500EB03D9 /* DummyTable.swift */,
			);
			path = data;
			sourceTree = "<group>";
		};
		A0F6A271234B6A0800EB03D9 /* calendar */ = {
			isa = PBXGroup;
			children = (
				A0F6A274234B86F400EB03D9 /* MonthView.swift */,
				A0F6A275234B86F400EB03D9 /* MonthView.xib */,
				A0F6A278234B8D4200EB03D9 /* MonthCellView.swift */,
				A0F6A27A234B8E8B00EB03D9 /* CalendarViewController.swift */,
			);
			path = calendar;
			sourceTree = "<group>";
		};
		B6E978EF985473A5A7A39E62 /* Pods */ = {
			isa = PBXGroup;
			children = (
				B6F26F9D649906FC24CC5F19 /* Pods-Swift-Practice.debug.xcconfig */,
				97DF0F9E0AF37E5019067B27 /* Pods-Swift-Practice.release.xcconfig */,
			);
			path = Pods;
			sourceTree = "<group>";
		};
/* End PBXGroup section */

/* Begin PBXNativeTarget section */
		A07278B123436D8D00BFCC50 /* Swift-Practice */ = {
			isa = PBXNativeTarget;
			buildConfigurationList = A07278DF23436D8E00BFCC50 /* Build configuration list for PBXNativeTarget "Swift-Practice" */;
			buildPhases = (
				BA32EB91007D33ABE57431BA /* [CP] Check Pods Manifest.lock */,
				A07278AE23436D8D00BFCC50 /* Sources */,
				A07278AF23436D8D00BFCC50 /* Frameworks */,
				A07278B023436D8D00BFCC50 /* Resources */,
				77E26A00DF486EE67DFCE177 /* [CP] Embed Pods Frameworks */,
			);
			buildRules = (
			);
			dependencies = (
			);
			name = "Swift-Practice";
			productName = "Swift-Practice";
			productReference = A07278B223436D8D00BFCC50 /* Swift-Practice.app */;
			productType = "com.apple.product-type.application";
		};
		A07278CA23436D8E00BFCC50 /* Swift-PracticeTests */ = {
			isa = PBXNativeTarget;
			buildConfigurationList = A07278E223436D8E00BFCC50 /* Build configuration list for PBXNativeTarget "Swift-PracticeTests" */;
			buildPhases = (
				A07278C723436D8E00BFCC50 /* Sources */,
				A07278C823436D8E00BFCC50 /* Frameworks */,
				A07278C923436D8E00BFCC50 /* Resources */,
			);
			buildRules = (
			);
			dependencies = (
				A07278CD23436D8E00BFCC50 /* PBXTargetDependency */,
			);
			name = "Swift-PracticeTests";
			productName = "Swift-PracticeTests";
			productReference = A07278CB23436D8E00BFCC50 /* Swift-PracticeTests.xctest */;
			productType = "com.apple.product-type.bundle.unit-test";
		};
		A07278D523436D8E00BFCC50 /* Swift-PracticeUITests */ = {
			isa = PBXNativeTarget;
			buildConfigurationList = A07278E523436D8E00BFCC50 /* Build configuration list for PBXNativeTarget "Swift-PracticeUITests" */;
			buildPhases = (
				A07278D223436D8E00BFCC50 /* Sources */,
				A07278D323436D8E00BFCC50 /* Frameworks */,
				A07278D423436D8E00BFCC50 /* Resources */,
			);
			buildRules = (
			);
			dependencies = (
				A07278D823436D8E00BFCC50 /* PBXTargetDependency */,
			);
			name = "Swift-PracticeUITests";
			productName = "Swift-PracticeUITests";
			productReference = A07278D623436D8E00BFCC50 /* Swift-PracticeUITests.xctest */;
			productType = "com.apple.product-type.bundle.ui-testing";
		};
/* End PBXNativeTarget section */

/* Begin PBXProject section */
		A07278AA23436D8D00BFCC50 /* Project object */ = {
			isa = PBXProject;
			attributes = {
				LastSwiftUpdateCheck = 1100;
				LastUpgradeCheck = 1100;
				ORGANIZATIONNAME = Hexch;
				TargetAttributes = {
					A07278B123436D8D00BFCC50 = {
						CreatedOnToolsVersion = 11.0;
						LastSwiftMigration = 1100;
					};
					A07278CA23436D8E00BFCC50 = {
						CreatedOnToolsVersion = 11.0;
						TestTargetID = A07278B123436D8D00BFCC50;
					};
					A07278D523436D8E00BFCC50 = {
						CreatedOnToolsVersion = 11.0;
						TestTargetID = A07278B123436D8D00BFCC50;
					};
				};
			};
			buildConfigurationList = A07278AD23436D8D00BFCC50 /* Build configuration list for PBXProject "Swift-Practice" */;
			compatibilityVersion = "Xcode 9.3";
			developmentRegion = en;
			hasScannedForEncodings = 0;
			knownRegions = (
				en,
				Base,
			);
			mainGroup = A07278A923436D8D00BFCC50;
			productRefGroup = A07278B323436D8D00BFCC50 /* Products */;
			projectDirPath = "";
			projectRoot = "";
			targets = (
				A07278B123436D8D00BFCC50 /* Swift-Practice */,
				A07278CA23436D8E00BFCC50 /* Swift-PracticeTests */,
				A07278D523436D8E00BFCC50 /* Swift-PracticeUITests */,
			);
		};
/* End PBXProject section */

/* Begin PBXResourcesBuildPhase section */
		A07278B023436D8D00BFCC50 /* Resources */ = {
			isa = PBXResourcesBuildPhase;
			buildActionMask = 2147483647;
			files = (
				A07278F82344E83000BFCC50 /* LaunchScreen.storyboard in Resources */,
				A0F6A277234B86F400EB03D9 /* MonthView.xib in Resources */,
				A07278F52344E66C00BFCC50 /* Info.plist in Resources */,
				A07278F42344E66C00BFCC50 /* Assets.xcassets in Resources */,
				A07278FB2344E83600BFCC50 /* Main.storyboard in Resources */,
			);
			runOnlyForDeploymentPostprocessing = 0;
		};
		A07278C923436D8E00BFCC50 /* Resources */ = {
			isa = PBXResourcesBuildPhase;
			buildActionMask = 2147483647;
			files = (
			);
			runOnlyForDeploymentPostprocessing = 0;
		};
		A07278D423436D8E00BFCC50 /* Resources */ = {
			isa = PBXResourcesBuildPhase;
			buildActionMask = 2147483647;
			files = (
			);
			runOnlyForDeploymentPostprocessing = 0;
		};
/* End PBXResourcesBuildPhase section */

/* Begin PBXShellScriptBuildPhase section */
		77E26A00DF486EE67DFCE177 /* [CP] Embed Pods Frameworks */ = {
			isa = PBXShellScriptBuildPhase;
			buildActionMask = 2147483647;
			files = (
			);
			inputFileListPaths = (
				"${PODS_ROOT}/Target Support Files/Pods-Swift-Practice/Pods-Swift-Practice-frameworks-${CONFIGURATION}-input-files.xcfilelist",
			);
			name = "[CP] Embed Pods Frameworks";
			outputFileListPaths = (
				"${PODS_ROOT}/Target Support Files/Pods-Swift-Practice/Pods-Swift-Practice-frameworks-${CONFIGURATION}-output-files.xcfilelist",
			);
			runOnlyForDeploymentPostprocessing = 0;
			shellPath = /bin/sh;
			shellScript = "\"${PODS_ROOT}/Target Support Files/Pods-Swift-Practice/Pods-Swift-Practice-frameworks.sh\"\n";
			showEnvVarsInLog = 0;
		};
		BA32EB91007D33ABE57431BA /* [CP] Check Pods Manifest.lock */ = {
			isa = PBXShellScriptBuildPhase;
			buildActionMask = 2147483647;
			files = (
			);
			inputFileListPaths = (
			);
			inputPaths = (
				"${PODS_PODFILE_DIR_PATH}/Podfile.lock",
				"${PODS_ROOT}/Manifest.lock",
			);
			name = "[CP] Check Pods Manifest.lock";
			outputFileListPaths = (
			);
			outputPaths = (
				"$(DERIVED_FILE_DIR)/Pods-Swift-Practice-checkManifestLockResult.txt",
			);
			runOnlyForDeploymentPostprocessing = 0;
			shellPath = /bin/sh;
			shellScript = "diff \"${PODS_PODFILE_DIR_PATH}/Podfile.lock\" \"${PODS_ROOT}/Manifest.lock\" > /dev/null\nif [ $? != 0 ] ; then\n    # print error to STDERR\n    echo \"error: The sandbox is not in sync with the Podfile.lock. Run 'pod install' or update your CocoaPods installation.\" >&2\n    exit 1\nfi\n# This output is used by Xcode 'outputs' to avoid re-running this script phase.\necho \"SUCCESS\" > \"${SCRIPT_OUTPUT_FILE_0}\"\n";
			showEnvVarsInLog = 0;
		};
/* End PBXShellScriptBuildPhase section */

/* Begin PBXSourcesBuildPhase section */
		A07278AE23436D8D00BFCC50 /* Sources */ = {
			isa = PBXSourcesBuildPhase;
			buildActionMask = 2147483647;
			files = (
				A07279032344E86400BFCC50 /* AppDelegate.swift in Sources */,
				A0F6A20A2344F19500EB03D9 /* DummyTable.swift in Sources */,
				A07279062344ED4C00BFCC50 /* RealmExtension.swift in Sources */,
				A07278FE2344E84C00BFCC50 /* ViewController.swift in Sources */,
				A07278F32344E66C00BFCC50 /* Swift_Practice.xcdatamodeld in Sources */,
				A0F6A273234B83F700EB03D9 /* SceneDelegate.swift in Sources */,
				A0F6A27B234B8E8B00EB03D9 /* CalendarViewController.swift in Sources */,
				A0F6A276234B86F400EB03D9 /* MonthView.swift in Sources */,
				A0F6A279234B8D4200EB03D9 /* MonthCellView.swift in Sources */,
			);
			runOnlyForDeploymentPostprocessing = 0;
		};
		A07278C723436D8E00BFCC50 /* Sources */ = {
			isa = PBXSourcesBuildPhase;
			buildActionMask = 2147483647;
			files = (
				A07278D023436D8E00BFCC50 /* Swift_PracticeTests.swift in Sources */,
			);
			runOnlyForDeploymentPostprocessing = 0;
		};
		A07278D223436D8E00BFCC50 /* Sources */ = {
			isa = PBXSourcesBuildPhase;
			buildActionMask = 2147483647;
			files = (
				A07278DB23436D8E00BFCC50 /* Swift_PracticeUITests.swift in Sources */,
			);
			runOnlyForDeploymentPostprocessing = 0;
		};
/* End PBXSourcesBuildPhase section */

/* Begin PBXTargetDependency section */
		A07278CD23436D8E00BFCC50 /* PBXTargetDependency */ = {
			isa = PBXTargetDependency;
			target = A07278B123436D8D00BFCC50 /* Swift-Practice */;
			targetProxy = A07278CC23436D8E00BFCC50 /* PBXContainerItemProxy */;
		};
		A07278D823436D8E00BFCC50 /* PBXTargetDependency */ = {
			isa = PBXTargetDependency;
			target = A07278B123436D8D00BFCC50 /* Swift-Practice */;
			targetProxy = A07278D723436D8E00BFCC50 /* PBXContainerItemProxy */;
		};
/* End PBXTargetDependency section */

/* Begin PBXVariantGroup section */
		A07278F62344E83000BFCC50 /* LaunchScreen.storyboard */ = {
			isa = PBXVariantGroup;
			children = (
				A07278F72344E83000BFCC50 /* Base */,
			);
			name = LaunchScreen.storyboard;
			sourceTree = "<group>";
		};
		A07278F92344E83600BFCC50 /* Main.storyboard */ = {
			isa = PBXVariantGroup;
			children = (
				A07278FA2344E83600BFCC50 /* Base */,
			);
			name = Main.storyboard;
			sourceTree = "<group>";
		};
/* End PBXVariantGroup section */

/* Begin XCBuildConfiguration section */
		A07278DD23436D8E00BFCC50 /* Debug */ = {
			isa = XCBuildConfiguration;
			buildSettings = {
				ALWAYS_SEARCH_USER_PATHS = NO;
				CLANG_ANALYZER_NONNULL = YES;
				CLANG_ANALYZER_NUMBER_OBJECT_CONVERSION = YES_AGGRESSIVE;
				CLANG_CXX_LANGUAGE_STANDARD = "gnu++14";
				CLANG_CXX_LIBRARY = "libc++";
				CLANG_ENABLE_MODULES = YES;
				CLANG_ENABLE_OBJC_ARC = YES;
				CLANG_ENABLE_OBJC_WEAK = YES;
				CLANG_WARN_BLOCK_CAPTURE_AUTORELEASING = YES;
				CLANG_WARN_BOOL_CONVERSION = YES;
				CLANG_WARN_COMMA = YES;
				CLANG_WARN_CONSTANT_CONVERSION = YES;
				CLANG_WARN_DEPRECATED_OBJC_IMPLEMENTATIONS = YES;
				CLANG_WARN_DIRECT_OBJC_ISA_USAGE = YES_ERROR;
				CLANG_WARN_DOCUMENTATION_COMMENTS = YES;
				CLANG_WARN_EMPTY_BODY = YES;
				CLANG_WARN_ENUM_CONVERSION = YES;
				CLANG_WARN_INFINITE_RECURSION = YES;
				CLANG_WARN_INT_CONVERSION = YES;
				CLANG_WARN_NON_LITERAL_NULL_CONVERSION = YES;
				CLANG_WARN_OBJC_IMPLICIT_RETAIN_SELF = YES;
				CLANG_WARN_OBJC_LITERAL_CONVERSION = YES;
				CLANG_WARN_OBJC_ROOT_CLASS = YES_ERROR;
				CLANG_WARN_RANGE_LOOP_ANALYSIS = YES;
				CLANG_WARN_STRICT_PROTOTYPES = YES;
				CLANG_WARN_SUSPICIOUS_MOVE = YES;
				CLANG_WARN_UNGUARDED_AVAILABILITY = YES_AGGRESSIVE;
				CLANG_WARN_UNREACHABLE_CODE = YES;
				CLANG_WARN__DUPLICATE_METHOD_MATCH = YES;
				COPY_PHASE_STRIP = NO;
				DEBUG_INFORMATION_FORMAT = dwarf;
				ENABLE_STRICT_OBJC_MSGSEND = YES;
				ENABLE_TESTABILITY = YES;
				GCC_C_LANGUAGE_STANDARD = gnu11;
				GCC_DYNAMIC_NO_PIC = NO;
				GCC_NO_COMMON_BLOCKS = YES;
				GCC_OPTIMIZATION_LEVEL = 0;
				GCC_PREPROCESSOR_DEFINITIONS = (
					"DEBUG=1",
					"$(inherited)",
				);
				GCC_WARN_64_TO_32_BIT_CONVERSION = YES;
				GCC_WARN_ABOUT_RETURN_TYPE = YES_ERROR;
				GCC_WARN_UNDECLARED_SELECTOR = YES;
				GCC_WARN_UNINITIALIZED_AUTOS = YES_AGGRESSIVE;
				GCC_WARN_UNUSED_FUNCTION = YES;
				GCC_WARN_UNUSED_VARIABLE = YES;
				IPHONEOS_DEPLOYMENT_TARGET = 13.0;
				MTL_ENABLE_DEBUG_INFO = INCLUDE_SOURCE;
				MTL_FAST_MATH = YES;
				ONLY_ACTIVE_ARCH = YES;
				SDKROOT = iphoneos;
				SWIFT_ACTIVE_COMPILATION_CONDITIONS = DEBUG;
				SWIFT_OPTIMIZATION_LEVEL = "-Onone";
			};
			name = Debug;
		};
		A07278DE23436D8E00BFCC50 /* Release */ = {
			isa = XCBuildConfiguration;
			buildSettings = {
				ALWAYS_SEARCH_USER_PATHS = NO;
				CLANG_ANALYZER_NONNULL = YES;
				CLANG_ANALYZER_NUMBER_OBJECT_CONVERSION = YES_AGGRESSIVE;
				CLANG_CXX_LANGUAGE_STANDARD = "gnu++14";
				CLANG_CXX_LIBRARY = "libc++";
				CLANG_ENABLE_MODULES = YES;
				CLANG_ENABLE_OBJC_ARC = YES;
				CLANG_ENABLE_OBJC_WEAK = YES;
				CLANG_WARN_BLOCK_CAPTURE_AUTORELEASING = YES;
				CLANG_WARN_BOOL_CONVERSION = YES;
				CLANG_WARN_COMMA = YES;
				CLANG_WARN_CONSTANT_CONVERSION = YES;
				CLANG_WARN_DEPRECATED_OBJC_IMPLEMENTATIONS = YES;
				CLANG_WARN_DIRECT_OBJC_ISA_USAGE = YES_ERROR;
				CLANG_WARN_DOCUMENTATION_COMMENTS = YES;
				CLANG_WARN_EMPTY_BODY = YES;
				CLANG_WARN_ENUM_CONVERSION = YES;
				CLANG_WARN_INFINITE_RECURSION = YES;
				CLANG_WARN_INT_CONVERSION = YES;
				CLANG_WARN_NON_LITERAL_NULL_CONVERSION = YES;
				CLANG_WARN_OBJC_IMPLICIT_RETAIN_SELF = YES;
				CLANG_WARN_OBJC_LITERAL_CONVERSION = YES;
				CLANG_WARN_OBJC_ROOT_CLASS = YES_ERROR;
				CLANG_WARN_RANGE_LOOP_ANALYSIS = YES;
				CLANG_WARN_STRICT_PROTOTYPES = YES;
				CLANG_WARN_SUSPICIOUS_MOVE = YES;
				CLANG_WARN_UNGUARDED_AVAILABILITY = YES_AGGRESSIVE;
				CLANG_WARN_UNREACHABLE_CODE = YES;
				CLANG_WARN__DUPLICATE_METHOD_MATCH = YES;
				COPY_PHASE_STRIP = NO;
				DEBUG_INFORMATION_FORMAT = "dwarf-with-dsym";
				ENABLE_NS_ASSERTIONS = NO;
				ENABLE_STRICT_OBJC_MSGSEND = YES;
				GCC_C_LANGUAGE_STANDARD = gnu11;
				GCC_NO_COMMON_BLOCKS = YES;
				GCC_WARN_64_TO_32_BIT_CONVERSION = YES;
				GCC_WARN_ABOUT_RETURN_TYPE = YES_ERROR;
				GCC_WARN_UNDECLARED_SELECTOR = YES;
				GCC_WARN_UNINITIALIZED_AUTOS = YES_AGGRESSIVE;
				GCC_WARN_UNUSED_FUNCTION = YES;
				GCC_WARN_UNUSED_VARIABLE = YES;
				IPHONEOS_DEPLOYMENT_TARGET = 13.0;
				MTL_ENABLE_DEBUG_INFO = NO;
				MTL_FAST_MATH = YES;
				SDKROOT = iphoneos;
				SWIFT_COMPILATION_MODE = wholemodule;
				SWIFT_OPTIMIZATION_LEVEL = "-O";
				VALIDATE_PRODUCT = YES;
			};
			name = Release;
		};
		A07278E023436D8E00BFCC50 /* Debug */ = {
			isa = XCBuildConfiguration;
			baseConfigurationReference = B6F26F9D649906FC24CC5F19 /* Pods-Swift-Practice.debug.xcconfig */;
			buildSettings = {
				CLANG_ENABLE_MODULES = YES;
				CODE_SIGN_STYLE = Automatic;
				DEVELOPMENT_TEAM = 7LF5ZBV4G7;
				INFOPLIST_FILE = "Swift-Practice/Info.plist";
				LD_RUNPATH_SEARCH_PATHS = (
					"$(inherited)",
					"@executable_path/Frameworks",
				);
				PRODUCT_BUNDLE_IDENTIFIER = "com.hexch.dev.Swift-Practice";
				PRODUCT_NAME = "$(TARGET_NAME)";
				SWIFT_OBJC_BRIDGING_HEADER = "";
				SWIFT_OPTIMIZATION_LEVEL = "-Onone";
				SWIFT_VERSION = 5.0;
				TARGETED_DEVICE_FAMILY = "1,2";
			};
			name = Debug;
		};
		A07278E123436D8E00BFCC50 /* Release */ = {
			isa = XCBuildConfiguration;
			baseConfigurationReference = 97DF0F9E0AF37E5019067B27 /* Pods-Swift-Practice.release.xcconfig */;
			buildSettings = {
				CLANG_ENABLE_MODULES = YES;
				CODE_SIGN_STYLE = Automatic;
				DEVELOPMENT_TEAM = 7LF5ZBV4G7;
				INFOPLIST_FILE = "Swift-Practice/Info.plist";
				LD_RUNPATH_SEARCH_PATHS = (
					"$(inherited)",
					"@executable_path/Frameworks",
				);
				PRODUCT_BUNDLE_IDENTIFIER = "com.hexch.dev.Swift-Practice";
				PRODUCT_NAME = "$(TARGET_NAME)";
				SWIFT_OBJC_BRIDGING_HEADER = "";
				SWIFT_VERSION = 5.0;
				TARGETED_DEVICE_FAMILY = "1,2";
			};
			name = Release;
		};
		A07278E323436D8E00BFCC50 /* Debug */ = {
			isa = XCBuildConfiguration;
			buildSettings = {
				ALWAYS_EMBED_SWIFT_STANDARD_LIBRARIES = YES;
				BUNDLE_LOADER = "$(TEST_HOST)";
				CODE_SIGN_STYLE = Automatic;
				DEVELOPMENT_TEAM = 7LF5ZBV4G7;
				INFOPLIST_FILE = "Swift-PracticeTests/Info.plist";
				IPHONEOS_DEPLOYMENT_TARGET = 13.0;
				LD_RUNPATH_SEARCH_PATHS = (
					"$(inherited)",
					"@executable_path/Frameworks",
					"@loader_path/Frameworks",
				);
				PRODUCT_BUNDLE_IDENTIFIER = "com.hexch.dev.Swift-PracticeTests";
				PRODUCT_NAME = "$(TARGET_NAME)";
				SWIFT_VERSION = 5.0;
				TARGETED_DEVICE_FAMILY = "1,2";
				TEST_HOST = "$(BUILT_PRODUCTS_DIR)/Swift-Practice.app/Swift-Practice";
			};
			name = Debug;
		};
		A07278E423436D8E00BFCC50 /* Release */ = {
			isa = XCBuildConfiguration;
			buildSettings = {
				ALWAYS_EMBED_SWIFT_STANDARD_LIBRARIES = YES;
				BUNDLE_LOADER = "$(TEST_HOST)";
				CODE_SIGN_STYLE = Automatic;
				DEVELOPMENT_TEAM = 7LF5ZBV4G7;
				INFOPLIST_FILE = "Swift-PracticeTests/Info.plist";
				IPHONEOS_DEPLOYMENT_TARGET = 13.0;
				LD_RUNPATH_SEARCH_PATHS = (
					"$(inherited)",
					"@executable_path/Frameworks",
					"@loader_path/Frameworks",
				);
				PRODUCT_BUNDLE_IDENTIFIER = "com.hexch.dev.Swift-PracticeTests";
				PRODUCT_NAME = "$(TARGET_NAME)";
				SWIFT_VERSION = 5.0;
				TARGETED_DEVICE_FAMILY = "1,2";
				TEST_HOST = "$(BUILT_PRODUCTS_DIR)/Swift-Practice.app/Swift-Practice";
			};
			name = Release;
		};
		A07278E623436D8E00BFCC50 /* Debug */ = {
			isa = XCBuildConfiguration;
			buildSettings = {
				ALWAYS_EMBED_SWIFT_STANDARD_LIBRARIES = YES;
				CODE_SIGN_STYLE = Automatic;
				DEVELOPMENT_TEAM = 7LF5ZBV4G7;
				INFOPLIST_FILE = "Swift-PracticeUITests/Info.plist";
				LD_RUNPATH_SEARCH_PATHS = (
					"$(inherited)",
					"@executable_path/Frameworks",
					"@loader_path/Frameworks",
				);
				PRODUCT_BUNDLE_IDENTIFIER = "com.hexch.dev.Swift-PracticeUITests";
				PRODUCT_NAME = "$(TARGET_NAME)";
				SWIFT_VERSION = 5.0;
				TARGETED_DEVICE_FAMILY = "1,2";
				TEST_TARGET_NAME = "Swift-Practice";
			};
			name = Debug;
		};
		A07278E723436D8E00BFCC50 /* Release */ = {
			isa = XCBuildConfiguration;
			buildSettings = {
				ALWAYS_EMBED_SWIFT_STANDARD_LIBRARIES = YES;
				CODE_SIGN_STYLE = Automatic;
				DEVELOPMENT_TEAM = 7LF5ZBV4G7;
				INFOPLIST_FILE = "Swift-PracticeUITests/Info.plist";
				LD_RUNPATH_SEARCH_PATHS = (
					"$(inherited)",
					"@executable_path/Frameworks",
					"@loader_path/Frameworks",
				);
				PRODUCT_BUNDLE_IDENTIFIER = "com.hexch.dev.Swift-PracticeUITests";
				PRODUCT_NAME = "$(TARGET_NAME)";
				SWIFT_VERSION = 5.0;
				TARGETED_DEVICE_FAMILY = "1,2";
				TEST_TARGET_NAME = "Swift-Practice";
			};
			name = Release;
		};
/* End XCBuildConfiguration section */

/* Begin XCConfigurationList section */
		A07278AD23436D8D00BFCC50 /* Build configuration list for PBXProject "Swift-Practice" */ = {
			isa = XCConfigurationList;
			buildConfigurations = (
				A07278DD23436D8E00BFCC50 /* Debug */,
				A07278DE23436D8E00BFCC50 /* Release */,
			);
			defaultConfigurationIsVisible = 0;
			defaultConfigurationName = Release;
		};
		A07278DF23436D8E00BFCC50 /* Build configuration list for PBXNativeTarget "Swift-Practice" */ = {
			isa = XCConfigurationList;
			buildConfigurations = (
				A07278E023436D8E00BFCC50 /* Debug */,
				A07278E123436D8E00BFCC50 /* Release */,
			);
			defaultConfigurationIsVisible = 0;
			defaultConfigurationName = Release;
		};
		A07278E223436D8E00BFCC50 /* Build configuration list for PBXNativeTarget "Swift-PracticeTests" */ = {
			isa = XCConfigurationList;
			buildConfigurations = (
				A07278E323436D8E00BFCC50 /* Debug */,
				A07278E423436D8E00BFCC50 /* Release */,
			);
			defaultConfigurationIsVisible = 0;
			defaultConfigurationName = Release;
		};
		A07278E523436D8E00BFCC50 /* Build configuration list for PBXNativeTarget "Swift-PracticeUITests" */ = {
			isa = XCConfigurationList;
			buildConfigurations = (
				A07278E623436D8E00BFCC50 /* Debug */,
				A07278E723436D8E00BFCC50 /* Release */,
			);
			defaultConfigurationIsVisible = 0;
			defaultConfigurationName = Release;
		};
/* End XCConfigurationList section */

/* Begin XCVersionGroup section */
		A07278EF2344E66C00BFCC50 /* Swift_Practice.xcdatamodeld */ = {
			isa = XCVersionGroup;
			children = (
				A07278F02344E66C00BFCC50 /* Swift_Practice.xcdatamodel */,
			);
			currentVersion = A07278F02344E66C00BFCC50 /* Swift_Practice.xcdatamodel */;
			path = Swift_Practice.xcdatamodeld;
			sourceTree = "<group>";
			versionGroupType = wrapper.xcdatamodel;
		};
/* End XCVersionGroup section */
	};
	rootObject = A07278AA23436D8D00BFCC50 /* Project object */;
}
